
Microsoft Visual Studio Solution File, Format Version 12.00
# Visual Studio Version 17
VisualStudioVersion = 17.0.31903.59
MinimumVisualStudioVersion = 10.0.40219.1
Project("{2150E333-8FDC-42A3-9474-1A3956D46DE8}") = "src", "src", "{96A9EA89-C839-42BA-B37F-C553BF2C744A}"
EndProject
Project("{2150E333-8FDC-42A3-9474-1A3956D46DE8}") = "test", "test", "{B9A7A4CC-B218-47A0-9B69-CCAE85DD4868}"
EndProject
Project("{2150E333-8FDC-42A3-9474-1A3956D46DE8}") = "API", "API", "{B02BEBAA-23FD-4DA7-AD30-118AD6A4B0CA}"
EndProject
Project("{2150E333-8FDC-42A3-9474-1A3956D46DE8}") = "Core", "Core", "{EAD1F5A8-E735-41D9-931C-EDFD55456E7D}"
EndProject
Project("{2150E333-8FDC-42A3-9474-1A3956D46DE8}") = "Infrastructure", "Infrastructure", "{7EC32CDB-6635-4FED-BEBB-D41D64F78E9B}"
EndProject
Project("{2150E333-8FDC-42A3-9474-1A3956D46DE8}") = "Web", "Web", "{02C8EC62-BE60-49B0-AF81-8761FF785B19}"
EndProject
Project("{FAE04EC0-301F-11D3-BF4B-00C04F79EFBC}") = "LearningCurve.API", "LearningCurve.API\LearningCurve.API.csproj", "{510D7787-4DAE-4D75-A9C0-798814F228F9}"
EndProject
Project("{FAE04EC0-301F-11D3-BF4B-00C04F79EFBC}") = "LearningCurve.Domain", "LearningCurve.Domain\LearningCurve.Domain.csproj", "{0B776D16-0F6B-4C73-8844-99A68974B33D}"
EndProject
Project("{FAE04EC0-301F-11D3-BF4B-00C04F79EFBC}") = "LearningCurve.Application", "LearningCurve.Application\LearningCurve.Application.csproj", "{AFAD5AFC-285E-455A-A64D-B5A4CA025825}"
EndProject
Project("{FAE04EC0-301F-11D3-BF4B-00C04F79EFBC}") = "LearningCurve.Infrastructure", "LearningCurve.Infrastructure\LearningCurve.Infrastructure.csproj", "{D31051DE-70EF-4126-82C4-F1E5857087F4}"
EndProject
Project("{FAE04EC0-301F-11D3-BF4B-00C04F79EFBC}") = "LearningCurve.Persistence", "LearningCurve.Persistence\LearningCurve.Persistence.csproj", "{AF6C051D-F5F5-456E-905E-F001755A1171}"
EndProject
Project("{FAE04EC0-301F-11D3-BF4B-00C04F79EFBC}") = "LearningCurve.Shared", "LearningCurve.Shared\LearningCurve.Shared.csproj", "{F6F6AAED-C815-434B-8DB8-669F3C8D3820}"
EndProject
Project("{2150E333-8FDC-42A3-9474-1A3956D46DE8}") = "RazorView", "RazorView", "{EBE00F10-98C3-4480-90FE-55477FF7DA9B}"
EndProject
Project("{FAE04EC0-301F-11D3-BF4B-00C04F79EFBC}") = "LearningCurve.RazorView.Web", "LearningCurve.RazorView.Web\LearningCurve.RazorView.Web.csproj", "{CF67E2A0-5FB6-42F2-BDF9-D28B4DC0B1B9}"
EndProject
Project("{2150E333-8FDC-42A3-9474-1A3956D46DE8}") = "Blazor", "Blazor", "{1CA77CB1-03AA-483A-9F6F-BCEA9838EC58}"
EndProject
Project("{FAE04EC0-301F-11D3-BF4B-00C04F79EFBC}") = "LearningCurve.BlazorServer.Web", "LearningCurve.BlazorServer.Web\LearningCurve.BlazorServer.Web.csproj", "{CDAA1542-63DE-4C22-831A-1BCE46662D97}"
EndProject
Project("{FAE04EC0-301F-11D3-BF4B-00C04F79EFBC}") = "LearningCurve.BlazorWebAssembly.Web", "LearningCurve.BlazorWebAssembly.Web\LearningCurve.BlazorWebAssembly.Web.csproj", "{7BC593E8-9ACD-4616-B397-0FC7CBF08186}"
EndProject
Global
	GlobalSection(SolutionConfigurationPlatforms) = preSolution
		Debug|Any CPU = Debug|Any CPU
		Release|Any CPU = Release|Any CPU
	EndGlobalSection
	GlobalSection(ProjectConfigurationPlatforms) = postSolution
		{510D7787-4DAE-4D75-A9C0-798814F228F9}.Debug|Any CPU.ActiveCfg = Debug|Any CPU
		{510D7787-4DAE-4D75-A9C0-798814F228F9}.Debug|Any CPU.Build.0 = Debug|Any CPU
		{510D7787-4DAE-4D75-A9C0-798814F228F9}.Release|Any CPU.ActiveCfg = Release|Any CPU
		{510D7787-4DAE-4D75-A9C0-798814F228F9}.Release|Any CPU.Build.0 = Release|Any CPU
		{0B776D16-0F6B-4C73-8844-99A68974B33D}.Debug|Any CPU.ActiveCfg = Debug|Any CPU
		{0B776D16-0F6B-4C73-8844-99A68974B33D}.Debug|Any CPU.Build.0 = Debug|Any CPU
		{0B776D16-0F6B-4C73-8844-99A68974B33D}.Release|Any CPU.ActiveCfg = Release|Any CPU
		{0B776D16-0F6B-4C73-8844-99A68974B33D}.Release|Any CPU.Build.0 = Release|Any CPU
		{AFAD5AFC-285E-455A-A64D-B5A4CA025825}.Debug|Any CPU.ActiveCfg = Debug|Any CPU
		{AFAD5AFC-285E-455A-A64D-B5A4CA025825}.Debug|Any CPU.Build.0 = Debug|Any CPU
		{AFAD5AFC-285E-455A-A64D-B5A4CA025825}.Release|Any CPU.ActiveCfg = Release|Any CPU
		{AFAD5AFC-285E-455A-A64D-B5A4CA025825}.Release|Any CPU.Build.0 = Release|Any CPU
		{D31051DE-70EF-4126-82C4-F1E5857087F4}.Debug|Any CPU.ActiveCfg = Debug|Any CPU
		{D31051DE-70EF-4126-82C4-F1E5857087F4}.Debug|Any CPU.Build.0 = Debug|Any CPU
		{D31051DE-70EF-4126-82C4-F1E5857087F4}.Release|Any CPU.ActiveCfg = Release|Any CPU
		{D31051DE-70EF-4126-82C4-F1E5857087F4}.Release|Any CPU.Build.0 = Release|Any CPU
		{AF6C051D-F5F5-456E-905E-F001755A1171}.Debug|Any CPU.ActiveCfg = Debug|Any CPU
		{AF6C051D-F5F5-456E-905E-F001755A1171}.Debug|Any CPU.Build.0 = Debug|Any CPU
		{AF6C051D-F5F5-456E-905E-F001755A1171}.Release|Any CPU.ActiveCfg = Release|Any CPU
		{AF6C051D-F5F5-456E-905E-F001755A1171}.Release|Any CPU.Build.0 = Release|Any CPU
		{F6F6AAED-C815-434B-8DB8-669F3C8D3820}.Debug|Any CPU.ActiveCfg = Debug|Any CPU
		{F6F6AAED-C815-434B-8DB8-669F3C8D3820}.Debug|Any CPU.Build.0 = Debug|Any CPU
		{F6F6AAED-C815-434B-8DB8-669F3C8D3820}.Release|Any CPU.ActiveCfg = Release|Any CPU
		{F6F6AAED-C815-434B-8DB8-669F3C8D3820}.Release|Any CPU.Build.0 = Release|Any CPU
		{CF67E2A0-5FB6-42F2-BDF9-D28B4DC0B1B9}.Debug|Any CPU.ActiveCfg = Debug|Any CPU
		{CF67E2A0-5FB6-42F2-BDF9-D28B4DC0B1B9}.Debug|Any CPU.Build.0 = Debug|Any CPU
		{CF67E2A0-5FB6-42F2-BDF9-D28B4DC0B1B9}.Release|Any CPU.ActiveCfg = Release|Any CPU
		{CF67E2A0-5FB6-42F2-BDF9-D28B4DC0B1B9}.Release|Any CPU.Build.0 = Release|Any CPU
		{CDAA1542-63DE-4C22-831A-1BCE46662D97}.Debug|Any CPU.ActiveCfg = Debug|Any CPU
		{CDAA1542-63DE-4C22-831A-1BCE46662D97}.Debug|Any CPU.Build.0 = Debug|Any CPU
		{CDAA1542-63DE-4C22-831A-1BCE46662D97}.Release|Any CPU.ActiveCfg = Release|Any CPU
		{CDAA1542-63DE-4C22-831A-1BCE46662D97}.Release|Any CPU.Build.0 = Release|Any CPU
		{7BC593E8-9ACD-4616-B397-0FC7CBF08186}.Debug|Any CPU.ActiveCfg = Debug|Any CPU
		{7BC593E8-9ACD-4616-B397-0FC7CBF08186}.Debug|Any CPU.Build.0 = Debug|Any CPU
		{7BC593E8-9ACD-4616-B397-0FC7CBF08186}.Release|Any CPU.ActiveCfg = Release|Any CPU
		{7BC593E8-9ACD-4616-B397-0FC7CBF08186}.Release|Any CPU.Build.0 = Release|Any CPU
	EndGlobalSection
	GlobalSection(SolutionProperties) = preSolution
		HideSolutionNode = FALSE
	EndGlobalSection
	GlobalSection(NestedProjects) = preSolution
		{B02BEBAA-23FD-4DA7-AD30-118AD6A4B0CA} = {96A9EA89-C839-42BA-B37F-C553BF2C744A}
		{EAD1F5A8-E735-41D9-931C-EDFD55456E7D} = {96A9EA89-C839-42BA-B37F-C553BF2C744A}
		{7EC32CDB-6635-4FED-BEBB-D41D64F78E9B} = {96A9EA89-C839-42BA-B37F-C553BF2C744A}
		{02C8EC62-BE60-49B0-AF81-8761FF785B19} = {96A9EA89-C839-42BA-B37F-C553BF2C744A}
		{510D7787-4DAE-4D75-A9C0-798814F228F9} = {B02BEBAA-23FD-4DA7-AD30-118AD6A4B0CA}
		{0B776D16-0F6B-4C73-8844-99A68974B33D} = {EAD1F5A8-E735-41D9-931C-EDFD55456E7D}
		{AFAD5AFC-285E-455A-A64D-B5A4CA025825} = {EAD1F5A8-E735-41D9-931C-EDFD55456E7D}
		{D31051DE-70EF-4126-82C4-F1E5857087F4} = {7EC32CDB-6635-4FED-BEBB-D41D64F78E9B}
		{AF6C051D-F5F5-456E-905E-F001755A1171} = {7EC32CDB-6635-4FED-BEBB-D41D64F78E9B}
		{F6F6AAED-C815-434B-8DB8-669F3C8D3820} = {96A9EA89-C839-42BA-B37F-C553BF2C744A}
		{EBE00F10-98C3-4480-90FE-55477FF7DA9B} = {02C8EC62-BE60-49B0-AF81-8761FF785B19}
		{CF67E2A0-5FB6-42F2-BDF9-D28B4DC0B1B9} = {EBE00F10-98C3-4480-90FE-55477FF7DA9B}
		{1CA77CB1-03AA-483A-9F6F-BCEA9838EC58} = {02C8EC62-BE60-49B0-AF81-8761FF785B19}
		{CDAA1542-63DE-4C22-831A-1BCE46662D97} = {1CA77CB1-03AA-483A-9F6F-BCEA9838EC58}
		{7BC593E8-9ACD-4616-B397-0FC7CBF08186} = {1CA77CB1-03AA-483A-9F6F-BCEA9838EC58}
	EndGlobalSection
	GlobalSection(ExtensibilityGlobals) = postSolution
		SolutionGuid = {385FCFB0-6C51-40C0-BAD1-10065EB70D17}
	EndGlobalSection
EndGlobal
